<?xml version="1.0" encoding="utf-8"?>
<Project ToolsVersion="4.0" xmlns:atg="http://atg.xbox.com" xmlns="http://schemas.microsoft.com/developer/msbuild/2003">
  <ItemGroup>
    <Filter Include="Resource Files">
      <UniqueIdentifier>{8e114980-c1a3-4ada-ad7c-83caadf5daeb}</UniqueIdentifier>
      <Extensions>rc;ico;cur;bmp;dlg;rc2;rct;bin;rgs;gif;jpg;jpeg;jpe</Extensions>
    </Filter>
    <Filter Include="DXUT">
      <UniqueIdentifier>{a43c5c25-0e86-4a20-b64a-883785ff74fd}</UniqueIdentifier>
    </Filter>
    <Filter Include="Shaders">
      <UniqueIdentifier>{2c3d4c8c-5d1a-459a-a05a-a4e4b608a44e}</UniqueIdentifier>
      <Extensions>fx;fxh;hlsl</Extensions>
    </Filter>
    <Filter Include="Manager">
      <UniqueIdentifier>{484978db-f870-46fc-87fd-a822812f2fbc}</UniqueIdentifier>
    </Filter>
    <Filter Include="Scene">
      <UniqueIdentifier>{73fd1d10-83df-47f7-bfeb-47aa44eabb8d}</UniqueIdentifier>
    </Filter>
    <Filter Include="Object">
      <UniqueIdentifier>{e4aa1619-1a73-48f9-b15f-d85ed287cfcb}</UniqueIdentifier>
    </Filter>
    <Filter Include="Scene\Ingame">
      <UniqueIdentifier>{6949e4aa-21ca-4406-b336-3dc19b58dcc1}</UniqueIdentifier>
    </Filter>
    <Filter Include="Scene\Title">
      <UniqueIdentifier>{73a2ae2f-3fb3-48ba-ab6f-8f474e40e665}</UniqueIdentifier>
    </Filter>
    <Filter Include="Scene\Load">
      <UniqueIdentifier>{fe2cd2ec-c0db-40fb-b21e-812bfce37c9b}</UniqueIdentifier>
    </Filter>
    <Filter Include="Manager\Camera">
      <UniqueIdentifier>{54bd17bf-ffdd-4855-8651-fdd431560cb5}</UniqueIdentifier>
    </Filter>
    <Filter Include="Manager\Scene">
      <UniqueIdentifier>{daf23a7b-f514-4ded-a128-9c40e1b1cdd8}</UniqueIdentifier>
    </Filter>
    <Filter Include="Manager\Input">
      <UniqueIdentifier>{a112b992-676c-4c04-b720-b91df045db92}</UniqueIdentifier>
    </Filter>
    <Filter Include="Manager\Image">
      <UniqueIdentifier>{d9520a83-ae92-4ab0-9f85-ac8c68ee2992}</UniqueIdentifier>
    </Filter>
    <Filter Include="Manager\Image\Texture">
      <UniqueIdentifier>{a2e607cf-1fb8-495c-a1e0-569d5ba47053}</UniqueIdentifier>
    </Filter>
    <Filter Include="MainGame">
      <UniqueIdentifier>{85b039c4-6a0d-4bf7-a430-53bdfb745f1d}</UniqueIdentifier>
    </Filter>
    <Filter Include="Object\Bullet">
      <UniqueIdentifier>{b6715358-7c7b-4d77-be55-829333f62643}</UniqueIdentifier>
    </Filter>
    <Filter Include="Object\Enemy">
      <UniqueIdentifier>{f5f1ef88-f9f2-4c30-b8cd-b9bd20e57b8c}</UniqueIdentifier>
    </Filter>
    <Filter Include="Object\Effect">
      <UniqueIdentifier>{d3b2f21f-cef2-4948-a4b2-16e7fde43e91}</UniqueIdentifier>
    </Filter>
    <Filter Include="Object\Player">
      <UniqueIdentifier>{016fe7f2-9a07-4209-9b05-eb15bdb81367}</UniqueIdentifier>
    </Filter>
    <Filter Include="Object\Button">
      <UniqueIdentifier>{0f7b64d2-11ae-4203-8ca8-f1848e5fa9cb}</UniqueIdentifier>
    </Filter>
    <Filter Include="Scene\Intro">
      <UniqueIdentifier>{e87e6936-7bdd-4fc5-803e-7702e19c2a90}</UniqueIdentifier>
    </Filter>
    <Filter Include="Object\Stage">
      <UniqueIdentifier>{b2152e4f-5b8f-4fa1-ade7-a9d8370f7295}</UniqueIdentifier>
    </Filter>
    <Filter Include="Object\Stage\Stage3">
      <UniqueIdentifier>{b839280d-0e94-4bb1-8017-e97f6e73f677}</UniqueIdentifier>
    </Filter>
    <Filter Include="Object\Stage\Stage2">
      <UniqueIdentifier>{1021f2cb-1f21-4497-97bf-fe73715ca06e}</UniqueIdentifier>
    </Filter>
    <Filter Include="Object\Stage\Stage1">
      <UniqueIdentifier>{fda66927-af84-4db4-8896-f560ccf32874}</UniqueIdentifier>
    </Filter>
    <Filter Include="Scene\Fail">
      <UniqueIdentifier>{7178b629-da2a-4e76-b9c2-fc16f7b97a06}</UniqueIdentifier>
    </Filter>
    <Filter Include="Scene\End">
      <UniqueIdentifier>{73006226-c393-4322-a54d-fe6fa3c226a9}</UniqueIdentifier>
    </Filter>
  </ItemGroup>
  <ItemGroup>
    <None Include="DXUT\Optional\directx.ico">
      <Filter>Resource Files</Filter>
    </None>
    <ClInclude Include="DXUT\Core\DXUT.h">
      <Filter>DXUT</Filter>
    </ClInclude>
    <ClInclude Include="DXUT\Core\DXUTenum.h">
      <Filter>DXUT</Filter>
    </ClInclude>
    <ClInclude Include="DXUT\Core\DXUTmisc.h">
      <Filter>DXUT</Filter>
    </ClInclude>
    <ClCompile Include="DXUT\Core\DXUT.cpp">
      <Filter>DXUT</Filter>
    </ClCompile>
    <ClCompile Include="DXUT\Core\DXUTenum.cpp">
      <Filter>DXUT</Filter>
    </ClCompile>
    <ClCompile Include="DXUT\Core\DXUTmisc.cpp">
      <Filter>DXUT</Filter>
    </ClCompile>
    <ClInclude Include="DXUT\Optional\DXUTcamera.h">
      <Filter>DXUT</Filter>
    </ClInclude>
    <ClInclude Include="DXUT\Optional\DXUTgui.h">
      <Filter>DXUT</Filter>
    </ClInclude>
    <ClInclude Include="DXUT\Optional\DXUTres.h">
      <Filter>DXUT</Filter>
    </ClInclude>
    <ClInclude Include="DXUT\Optional\DXUTsettingsdlg.h">
      <Filter>DXUT</Filter>
    </ClInclude>
    <ClInclude Include="DXUT\Optional\SDKmesh.h">
      <Filter>DXUT</Filter>
    </ClInclude>
    <ClInclude Include="DXUT\Optional\SDKmisc.h">
      <Filter>DXUT</Filter>
    </ClInclude>
    <ClCompile Include="DXUT\Optional\DXUTcamera.cpp">
      <Filter>DXUT</Filter>
    </ClCompile>
    <ClCompile Include="DXUT\Optional\DXUTgui.cpp">
      <Filter>DXUT</Filter>
    </ClCompile>
    <ClCompile Include="DXUT\Optional\DXUTres.cpp">
      <Filter>DXUT</Filter>
    </ClCompile>
    <ClCompile Include="DXUT\Optional\DXUTsettingsdlg.cpp">
      <Filter>DXUT</Filter>
    </ClCompile>
    <ClCompile Include="DXUT\Optional\SDKmesh.cpp">
      <Filter>DXUT</Filter>
    </ClCompile>
    <ClCompile Include="DXUT\Optional\SDKmisc.cpp">
      <Filter>DXUT</Filter>
    </ClCompile>
  </ItemGroup>
  <ItemGroup>
    <ClCompile Include="UnderTheSeaGame.cpp" />
    <ClCompile Include="cMultiTexture.cpp">
      <Filter>Manager\Image\Texture</Filter>
    </ClCompile>
    <ClCompile Include="cSingleTexture.cpp">
      <Filter>Manager\Image\Texture</Filter>
    </ClCompile>
    <ClCompile Include="cTexture.cpp">
      <Filter>Manager\Image\Texture</Filter>
    </ClCompile>
    <ClCompile Include="cImageManager.cpp">
      <Filter>Manager\Image</Filter>
    </ClCompile>
    <ClCompile Include="cScene.cpp">
      <Filter>Manager\Scene</Filter>
    </ClCompile>
    <ClCompile Include="cSceneManager.cpp">
      <Filter>Manager\Scene</Filter>
    </ClCompile>
    <ClCompile Include="cInputManager.cpp">
      <Filter>Manager\Input</Filter>
    </ClCompile>
    <ClCompile Include="cCameraManager.cpp">
      <Filter>Manager\Camera</Filter>
    </ClCompile>
    <ClCompile Include="cPlayer.cpp">
      <Filter>Object\Player</Filter>
    </ClCompile>
    <ClCompile Include="cIngameScene.cpp">
      <Filter>Scene\Ingame</Filter>
    </ClCompile>
    <ClCompile Include="cLoadScene.cpp">
      <Filter>Scene\Load</Filter>
    </ClCompile>
    <ClCompile Include="cTitleScene.cpp">
      <Filter>Scene\Title</Filter>
    </ClCompile>
    <ClCompile Include="cMainGame.cpp">
      <Filter>MainGame</Filter>
    </ClCompile>
    <ClCompile Include="cBulletAdmin.cpp">
      <Filter>Object\Bullet</Filter>
    </ClCompile>
    <ClCompile Include="cPlayerBullet.cpp">
      <Filter>Object\Bullet</Filter>
    </ClCompile>
    <ClCompile Include="Stage1.cpp">
      <Filter>Object\Stage\Stage1</Filter>
    </ClCompile>
    <ClCompile Include="Stage2.cpp">
      <Filter>Object\Stage\Stage2</Filter>
    </ClCompile>
    <ClCompile Include="Stage3.cpp">
      <Filter>Object\Stage\Stage3</Filter>
    </ClCompile>
    <ClCompile Include="cEnemy.cpp">
      <Filter>Object\Enemy</Filter>
    </ClCompile>
    <ClCompile Include="cEnemyAdmin.cpp">
      <Filter>Object\Enemy</Filter>
    </ClCompile>
    <ClCompile Include="cEffect.cpp">
      <Filter>Object\Effect</Filter>
    </ClCompile>
    <ClCompile Include="cEffectAdmin.cpp">
      <Filter>Object\Effect</Filter>
    </ClCompile>
    <ClCompile Include="cButton.cpp">
      <Filter>Object\Button</Filter>
    </ClCompile>
    <ClCompile Include="cOctoBullet.cpp">
      <Filter>Object\Bullet</Filter>
    </ClCompile>
    <ClCompile Include="cOcto.cpp">
      <Filter>Object\Enemy</Filter>
    </ClCompile>
    <ClCompile Include="cIntroScene.cpp">
      <Filter>Scene\Intro</Filter>
    </ClCompile>
    <ClCompile Include="cFailScene.cpp">
      <Filter>Scene\Fail</Filter>
    </ClCompile>
    <ClCompile Include="cEndScene.cpp">
      <Filter>Scene\End</Filter>
    </ClCompile>
  </ItemGroup>
  <ItemGroup>
    <ClInclude Include="stdafx.h" />
    <ClInclude Include="cMultiTexture.h">
      <Filter>Manager\Image\Texture</Filter>
    </ClInclude>
    <ClInclude Include="cSingleTexture.h">
      <Filter>Manager\Image\Texture</Filter>
    </ClInclude>
    <ClInclude Include="cTexture.h">
      <Filter>Manager\Image\Texture</Filter>
    </ClInclude>
    <ClInclude Include="cImageManager.h">
      <Filter>Manager\Image</Filter>
    </ClInclude>
    <ClInclude Include="cSceneManager.h">
      <Filter>Manager\Scene</Filter>
    </ClInclude>
    <ClInclude Include="cScene.h">
      <Filter>Manager\Scene</Filter>
    </ClInclude>
    <ClInclude Include="cCameraManager.h">
      <Filter>Manager\Camera</Filter>
    </ClInclude>
    <ClInclude Include="cPlayer.h">
      <Filter>Object\Player</Filter>
    </ClInclude>
    <ClInclude Include="cIngameScene.h">
      <Filter>Scene\Ingame</Filter>
    </ClInclude>
    <ClInclude Include="cLoadScene.h">
      <Filter>Scene\Load</Filter>
    </ClInclude>
    <ClInclude Include="cTitleScene.h">
      <Filter>Scene\Title</Filter>
    </ClInclude>
    <ClInclude Include="singleton.h">
      <Filter>Manager</Filter>
    </ClInclude>
    <ClInclude Include="cMainGame.h">
      <Filter>MainGame</Filter>
    </ClInclude>
    <ClInclude Include="cInputManager.h">
      <Filter>Manager\Input</Filter>
    </ClInclude>
    <ClInclude Include="cBulletAdmin.h">
      <Filter>Object\Bullet</Filter>
    </ClInclude>
    <ClInclude Include="cPlayerBullet.h">
      <Filter>Object\Bullet</Filter>
    </ClInclude>
    <ClInclude Include="Stage1.h">
      <Filter>Object\Stage\Stage1</Filter>
    </ClInclude>
    <ClInclude Include="Stage2.h">
      <Filter>Object\Stage\Stage2</Filter>
    </ClInclude>
    <ClInclude Include="Stage3.h">
      <Filter>Object\Stage\Stage3</Filter>
    </ClInclude>
    <ClInclude Include="cEnemy.h">
      <Filter>Object\Enemy</Filter>
    </ClInclude>
    <ClInclude Include="cEnemyAdmin.h">
      <Filter>Object\Enemy</Filter>
    </ClInclude>
    <ClInclude Include="cEffect.h">
      <Filter>Object\Effect</Filter>
    </ClInclude>
    <ClInclude Include="cEffectAdmin.h">
      <Filter>Object\Effect</Filter>
    </ClInclude>
    <ClInclude Include="cButton.h">
      <Filter>Object\Button</Filter>
    </ClInclude>
    <ClInclude Include="cOctoBullet.h">
      <Filter>Object\Bullet</Filter>
    </ClInclude>
    <ClInclude Include="cOcto.h">
      <Filter>Object\Enemy</Filter>
    </ClInclude>
    <ClInclude Include="cIntroScene.h">
      <Filter>Scene\Intro</Filter>
    </ClInclude>
    <ClInclude Include="cFailScene.h">
      <Filter>Scene\Fail</Filter>
    </ClInclude>
    <ClInclude Include="cEndScene.h">
      <Filter>Scene\End</Filter>
    </ClInclude>
  </ItemGroup>
  <ItemGroup>
    <CLInclude Include="resource.h">
      <Filter>Resource Files</Filter>
    </CLInclude>
    <ResourceCompile Include="UnderTheSeaGame.rc">
      <Filter>Resource Files</Filter>
    </ResourceCompile>
  </ItemGroup>
  <ItemGroup>
  </ItemGroup>
</Project>